# This file is automatically @generated by Cargo.
# It is not intended for manual editing.
version = 4

[[package]]
name = "nts3"
version = "0.1.0"
dependencies = [
 "nts3-sys",
]

[[package]]
name = "nts3-sys"
version = "0.1.0"

[[package]]
name = "pass-through"
version = "0.1.0"
dependencies = [
 "nts3-sys",
]

[[package]]
name = "touch-probe"
version = "0.1.0"
dependencies = [
 "nts3",
]
